PODS:
  - Alamofire (4.7.0)
  - Moya/Core (11.0.1):
    - Alamofire (~> 4.1)
    - Result (~> 3.0)
  - Moya/RxSwift (11.0.1):
    - Moya/Core
    - RxSwift (~> 4.0)
  - Result (3.2.4)
  - RxCocoa (4.1.2):
    - RxSwift (~> 4.0)
  - RxSwift (4.1.2)
  - RxSwiftUtilities (2.0.1):
    - RxCocoa (~> 4.0)
    - RxSwift (~> 4.0)

DEPENDENCIES:
  - Moya/RxSwift (~> 11.0)
  - RxSwift (~> 4.0)
  - RxSwiftUtilities (~> 2.0)

SPEC CHECKSUMS:
  Alamofire: 907e0a98eb68cdb7f9d1f541a563d6ac5dc77b25
  Moya: 3d594ada51a21cc02b18739ab578a1984f900c8a
  Result: d2d07204ce72856f1fd9130bbe42c35a7b0fea10
  RxCocoa: d88ba0f1f6abf040011a9eb4b539324fc426843a
  RxSwift: e49536837d9901277638493ea537394d4b55f570
  RxSwiftUtilities: 0edb01ef16c527c10fb352485b62cbd951e4a04d

PODFILE CHECKSUM: 749a94030ae34ee2cd8c36dbb02f75bd59d885da

COCOAPODS: 1.4.0
